<?xml version="1.0" encoding="utf-8"?>
<Project xmlns="http://schemas.microsoft.com/developer/msbuild/2003">
  <ItemGroup>
    <Filter Include="Header Files">
      <UniqueIdentifier>{93995380-89BD-4b04-88EB-625FBE52EBFB}</UniqueIdentifier>
      <Extensions>h;hpp;hxx;hm;inl;inc;xsd</Extensions>
    </Filter>
    <Filter Include="Header Files">
      <UniqueIdentifier>{93995380-89BD-4b04-88EB-625FBE52EBFB}</UniqueIdentifier>
      <Extensions>h;hpp;hxx;hm;inl;inc;xsd</Extensions>
    </Filter>
    <Filter Include="Source Files">
      <UniqueIdentifier>{4FC737F1-C7A5-4376-A066-2A32D752A2FF}</UniqueIdentifier>
      <Extensions>cpp;c;cxx;def;odl;idl;hpj;bat;asm;asmx</Extensions>
    </Filter>
    <Filter Include="Source Files">
      <UniqueIdentifier>{4FC737F1-C7A5-4376-A066-2A32D752A2FF}</UniqueIdentifier>
      <Extensions>cpp;c;cxx;def;odl;idl;hpj;bat;asm;asmx</Extensions>
    </Filter>
  </ItemGroup>
  <ItemGroup>
    <ClCompile Include="cgns\adf\ADF_fortran_2_c.c">
      <Filter>Source Files</Filter>
    </ClCompile>
    <ClCompile Include="cgns\adf\ADF_interface.c">
      <Filter>Source Files</Filter>
    </ClCompile>
    <ClCompile Include="cgns\adf\ADF_internals.c">
      <Filter>Source Files</Filter>
    </ClCompile>
    <ClCompile Include="abstractlinearsolver.cpp">
      <Filter>Source Files</Filter>
    </ClCompile>
    <ClCompile Include="cgns\adf_cond.c">
      <Filter>Source Files</Filter>
    </ClCompile>
    <ClCompile Include="cgns\adf_ftoc.c">
      <Filter>Source Files</Filter>
    </ClCompile>
    <ClCompile Include="zlib\adler32.c">
      <Filter>Source Files</Filter>
    </ClCompile>
    <ClCompile Include="atmosphere.cpp">
      <Filter>Source Files</Filter>
    </ClCompile>
    <ClCompile Include="yaml-cpp\binary.cpp">
      <Filter>Source Files</Filter>
    </ClCompile>
    <ClCompile Include="binfilenode.cpp">
      <Filter>Source Files</Filter>
    </ClCompile>
    <ClCompile Include="blob.cpp">
      <Filter>Source Files</Filter>
    </ClCompile>
    <ClCompile Include="bounds.cpp">
      <Filter>Source Files</Filter>
    </ClCompile>
    <ClCompile Include="boxsearchtree.cpp">
      <Filter>Source Files</Filter>
    </ClCompile>
    <ClCompile Include="cgns\cg_ftoc.c">
      <Filter>Source Files</Filter>
    </ClCompile>
    <ClCompile Include="cgns\cg_malloc.c">
      <Filter>Source Files</Filter>
    </ClCompile>
    <ClCompile Include="cgmesh.cpp">
      <Filter>Source Files</Filter>
    </ClCompile>
    <ClCompile Include="cgns\cgns_error.c">
      <Filter>Source Files</Filter>
    </ClCompile>
    <ClCompile Include="cgns\cgns_internals.c">
      <Filter>Source Files</Filter>
    </ClCompile>
    <ClCompile Include="cgnsboco.cpp">
      <Filter>Source Files</Filter>
    </ClCompile>
    <ClCompile Include="cgnsdescriptor.cpp">
      <Filter>Source Files</Filter>
    </ClCompile>
    <ClCompile Include="cgnsfile.cpp">
      <Filter>Source Files</Filter>
    </ClCompile>
    <ClCompile Include="cgns\cgnslib.c">
      <Filter>Source Files</Filter>
    </ClCompile>
    <ClCompile Include="cgnssection.cpp">
      <Filter>Source Files</Filter>
    </ClCompile>
    <ClCompile Include="cgnssol.cpp">
      <Filter>Source Files</Filter>
    </ClCompile>
    <ClCompile Include="cgnszone.cpp">
      <Filter>Source Files</Filter>
    </ClCompile>
    <ClCompile Include="cgstrip.cpp">
      <Filter>Source Files</Filter>
    </ClCompile>
    <ClCompile Include="color.cpp">
      <Filter>Source Files</Filter>
    </ClCompile>
    <ClCompile Include="zlib\compress.c">
      <Filter>Source Files</Filter>
    </ClCompile>
    <ClCompile Include="configparser.cpp">
      <Filter>Source Files</Filter>
    </ClCompile>
    <ClCompile Include="connectmap.cpp">
      <Filter>Source Files</Filter>
    </ClCompile>
    <ClCompile Include="yaml-cpp\convert.cpp">
      <Filter>Source Files</Filter>
    </ClCompile>
    <ClCompile Include="zlib\crc32.c">
      <Filter>Source Files</Filter>
    </ClCompile>
    <ClCompile Include="dbprint.cpp">
      <Filter>Source Files</Filter>
    </ClCompile>
    <ClCompile Include="zlib\deflate.c">
      <Filter>Source Files</Filter>
    </ClCompile>
    <ClCompile Include="dimsearchtree.cpp">
      <Filter>Source Files</Filter>
    </ClCompile>
    <ClCompile Include="yaml-cpp\directives.cpp">
      <Filter>Source Files</Filter>
    </ClCompile>
    <ClCompile Include="dyntritree.cpp">
      <Filter>Source Files</Filter>
    </ClCompile>
    <ClCompile Include="edgecurve.cpp">
      <Filter>Source Files</Filter>
    </ClCompile>
    <ClCompile Include="edgeface.cpp">
      <Filter>Source Files</Filter>
    </ClCompile>
    <ClCompile Include="eig.cpp">
      <Filter>Source Files</Filter>
    </ClCompile>
    <ClCompile Include="element.cpp">
      <Filter>Source Files</Filter>
    </ClCompile>
    <ClCompile Include="yaml-cpp\emit.cpp">
      <Filter>Source Files</Filter>
    </ClCompile>
    <ClCompile Include="yaml-cpp\emitfromevents.cpp">
      <Filter>Source Files</Filter>
    </ClCompile>
    <ClCompile Include="yaml-cpp\emitter.cpp">
      <Filter>Source Files</Filter>
    </ClCompile>
    <ClCompile Include="yaml-cpp\emitterstate.cpp">
      <Filter>Source Files</Filter>
    </ClCompile>
    <ClCompile Include="yaml-cpp\emitterutils.cpp">
      <Filter>Source Files</Filter>
    </ClCompile>
    <ClCompile Include="yaml-cpp\exp.cpp">
      <Filter>Source Files</Filter>
    </ClCompile>
    <ClCompile Include="facebubble.cpp">
      <Filter>Source Files</Filter>
    </ClCompile>
    <ClCompile Include="ffanode.cpp">
      <Filter>Source Files</Filter>
    </ClCompile>
    <ClCompile Include="fftbase.cpp">
      <Filter>Source Files</Filter>
    </ClCompile>
    <ClCompile Include="grulayer.cpp">
      <Filter>Source Files</Filter>
    </ClCompile>
    <ClCompile Include="zlib\gzio.c">
      <Filter>Source Files</Filter>
    </ClCompile>
    <ClCompile Include="hdf5file.cpp">
      <Filter>Source Files</Filter>
    </ClCompile>
    <ClCompile Include="hybridmesh.cpp">
      <Filter>Source Files</Filter>
    </ClCompile>
    <ClCompile Include="implicittree.cpp">
      <Filter>Source Files</Filter>
    </ClCompile>
    <ClCompile Include="zlib\infback.c">
      <Filter>Source Files</Filter>
    </ClCompile>
    <ClCompile Include="zlib\inffast.c">
      <Filter>Source Files</Filter>
    </ClCompile>
    <ClCompile Include="zlib\inflate.c">
      <Filter>Source Files</Filter>
    </ClCompile>
    <ClCompile Include="zlib\inftrees.c">
      <Filter>Source Files</Filter>
    </ClCompile>
    <ClCompile Include="zlib\ioapi.c">
      <Filter>Source Files</Filter>
    </ClCompile>
    <ClCompile Include="iobuffer.cpp">
      <Filter>Source Files</Filter>
    </ClCompile>
    <ClCompile Include="ioutil.cpp">
      <Filter>Source Files</Filter>
    </ClCompile>
    <ClCompile Include="linearlayer.cpp">
      <Filter>Source Files</Filter>
    </ClCompile>
    <ClCompile Include="logger.cpp">
      <Filter>Source Files</Filter>
    </ClCompile>
    <ClCompile Include="lse.cpp">
      <Filter>Source Files</Filter>
    </ClCompile>
    <ClCompile Include="lz4\lz4.c">
      <Filter>Source Files</Filter>
    </ClCompile>
    <ClCompile Include="lz4\lz4hc.c">
      <Filter>Source Files</Filter>
    </ClCompile>
    <ClCompile Include="lz4stream.cpp">
      <Filter>Source Files</Filter>
    </ClCompile>
    <ClCompile Include="yaml-cpp\memory.cpp">
      <Filter>Source Files</Filter>
    </ClCompile>
    <ClCompile Include="meshfields.cpp">
      <Filter>Source Files</Filter>
    </ClCompile>
    <ClCompile Include="meshslice.cpp">
      <Filter>Source Files</Filter>
    </ClCompile>
    <ClCompile Include="mxannotated.cpp">
      <Filter>Source Files</Filter>
    </ClCompile>
    <ClCompile Include="mxelementfunction.cpp">
      <Filter>Source Files</Filter>
    </ClCompile>
    <ClCompile Include="mxelementtree.cpp">
      <Filter>Source Files</Filter>
    </ClCompile>
    <ClCompile Include="mxfieldbuffer.cpp">
      <Filter>Source Files</Filter>
    </ClCompile>
    <ClCompile Include="mxmesh-cgns.cpp">
      <Filter>Source Files</Filter>
    </ClCompile>
    <ClCompile Include="mxmesh-formats.cpp">
      <Filter>Source Files</Filter>
    </ClCompile>
    <ClCompile Include="mxmesh-hdf5.cpp">
      <Filter>Source Files</Filter>
    </ClCompile>
    <ClCompile Include="mxmesh.cpp">
      <Filter>Source Files</Filter>
    </ClCompile>
    <ClCompile Include="mxmeshboco.cpp">
      <Filter>Source Files</Filter>
    </ClCompile>
    <ClCompile Include="mxmeshdeform-lapack.cpp">
      <Filter>Source Files</Filter>
    </ClCompile>
    <ClCompile Include="mxmeshdeform.cpp">
      <Filter>Source Files</Filter>
    </ClCompile>
    <ClCompile Include="mxmeshfield.cpp">
      <Filter>Source Files</Filter>
    </ClCompile>
    <ClCompile Include="mxmeshsection.cpp">
      <Filter>Source Files</Filter>
    </ClCompile>
    <ClCompile Include="mxmeshslice.cpp">
      <Filter>Source Files</Filter>
    </ClCompile>
    <ClCompile Include="mxsolutiontree.cpp">
      <Filter>Source Files</Filter>
    </ClCompile>
    <ClCompile Include="mxstreamer.cpp">
      <Filter>Source Files</Filter>
    </ClCompile>
    <ClCompile Include="yaml-cpp\node.cpp">
      <Filter>Source Files</Filter>
    </ClCompile>
    <ClCompile Include="yaml-cpp\node_data.cpp">
      <Filter>Source Files</Filter>
    </ClCompile>
    <ClCompile Include="yaml-cpp\nodebuilder.cpp">
      <Filter>Source Files</Filter>
    </ClCompile>
    <ClCompile Include="yaml-cpp\nodeevents.cpp">
      <Filter>Source Files</Filter>
    </ClCompile>
    <ClCompile Include="yaml-cpp\null.cpp">
      <Filter>Source Files</Filter>
    </ClCompile>
    <ClCompile Include="yaml-cpp\ostream_wrapper.cpp">
      <Filter>Source Files</Filter>
    </ClCompile>
    <ClCompile Include="parallelfilter.cpp">
      <Filter>Source Files</Filter>
    </ClCompile>
    <ClCompile Include="parallelzipfilter.cpp">
      <Filter>Source Files</Filter>
    </ClCompile>
    <ClCompile Include="parbilu.cpp">
      <Filter>Source Files</Filter>
    </ClCompile>
    <ClCompile Include="yaml-cpp\parse.cpp">
      <Filter>Source Files</Filter>
    </ClCompile>
    <ClCompile Include="yaml-cpp\parser.cpp">
      <Filter>Source Files</Filter>
    </ClCompile>
    <ClCompile Include="pattern.cpp">
      <Filter>Source Files</Filter>
    </ClCompile>
    <ClCompile Include="piegl.cpp">
      <Filter>Source Files</Filter>
    </ClCompile>
    <ClCompile Include="plane.cpp">
      <Filter>Source Files</Filter>
    </ClCompile>
    <ClCompile Include="planefit.cpp">
      <Filter>Source Files</Filter>
    </ClCompile>
    <ClCompile Include="point.cpp">
      <Filter>Source Files</Filter>
    </ClCompile>
    <ClCompile Include="preshinghashtable.cpp">
      <Filter>Source Files</Filter>
    </ClCompile>
    <ClCompile Include="quantbuffer.cpp">
      <Filter>Source Files</Filter>
    </ClCompile>
    <ClCompile Include="rcindexmap.cpp">
      <Filter>Source Files</Filter>
    </ClCompile>
    <ClCompile Include="yaml-cpp\regex_yaml.cpp">
      <Filter>Source Files</Filter>
    </ClCompile>
    <ClCompile Include="rng.cpp">
      <Filter>Source Files</Filter>
    </ClCompile>
    <ClCompile Include="rply\rply.c">
      <Filter>Source Files</Filter>
    </ClCompile>
    <ClCompile Include="rsearchtree.cpp">
      <Filter>Source Files</Filter>
    </ClCompile>
    <ClCompile Include="yaml-cpp\scanner.cpp">
      <Filter>Source Files</Filter>
    </ClCompile>
    <ClCompile Include="yaml-cpp\scanscalar.cpp">
      <Filter>Source Files</Filter>
    </ClCompile>
    <ClCompile Include="yaml-cpp\scantag.cpp">
      <Filter>Source Files</Filter>
    </ClCompile>
    <ClCompile Include="yaml-cpp\scantoken.cpp">
      <Filter>Source Files</Filter>
    </ClCompile>
    <ClCompile Include="sdirk.cpp">
      <Filter>Source Files</Filter>
    </ClCompile>
    <ClCompile Include="yaml-cpp\simplekey.cpp">
      <Filter>Source Files</Filter>
    </ClCompile>
    <ClCompile Include="yaml-cpp\singledocparser.cpp">
      <Filter>Source Files</Filter>
    </ClCompile>
    <ClCompile Include="sparseblockmatrix.cpp">
      <Filter>Source Files</Filter>
    </ClCompile>
    <ClCompile Include="sparsitycounter.cpp">
      <Filter>Source Files</Filter>
    </ClCompile>
    <ClCompile Include="splinebasis.cpp">
      <Filter>Source Files</Filter>
    </ClCompile>
    <ClCompile Include="splinefitter.cpp">
      <Filter>Source Files</Filter>
    </ClCompile>
    <ClCompile Include="stanfordsolver.cpp">
      <Filter>Source Files</Filter>
    </ClCompile>
    <ClCompile Include="steptransform.cpp">
      <Filter>Source Files</Filter>
    </ClCompile>
    <ClCompile Include="yaml-cpp\stream.cpp">
      <Filter>Source Files</Filter>
    </ClCompile>
    <ClCompile Include="strtod.c">
      <Filter>Source Files</Filter>
    </ClCompile>
    <ClCompile Include="strutils.cpp">
      <Filter>Source Files</Filter>
    </ClCompile>
    <ClCompile Include="surfacestreamlines.cpp">
      <Filter>Source Files</Filter>
    </ClCompile>
    <ClCompile Include="syncedstream.cpp">
      <Filter>Source Files</Filter>
    </ClCompile>
    <ClCompile Include="sysinfo.cpp">
      <Filter>Source Files</Filter>
    </ClCompile>
    <ClCompile Include="yaml-cpp\tag.cpp">
      <Filter>Source Files</Filter>
    </ClCompile>
    <ClCompile Include="tasksystem.cpp">
      <Filter>Source Files</Filter>
    </ClCompile>
    <ClCompile Include="threadpool_boost.cpp">
      <Filter>Source Files</Filter>
    </ClCompile>
    <ClCompile Include="trafo.cpp">
      <Filter>Source Files</Filter>
    </ClCompile>
    <ClCompile Include="zlib\trees.c">
      <Filter>Source Files</Filter>
    </ClCompile>
    <ClCompile Include="triangulation.cpp">
      <Filter>Source Files</Filter>
    </ClCompile>
    <ClCompile Include="triedge.cpp">
      <Filter>Source Files</Filter>
    </ClCompile>
    <ClCompile Include="triface.cpp">
      <Filter>Source Files</Filter>
    </ClCompile>
    <ClCompile Include="rply\trimesh-rply.cpp">
      <Filter>Source Files</Filter>
    </ClCompile>
    <ClCompile Include="trimesh.cpp">
      <Filter>Source Files</Filter>
    </ClCompile>
    <ClCompile Include="triset.cpp">
      <Filter>Source Files</Filter>
    </ClCompile>
    <ClCompile Include="typecode.cpp">
      <Filter>Source Files</Filter>
    </ClCompile>
    <ClCompile Include="zlib\uncompr.c">
      <Filter>Source Files</Filter>
    </ClCompile>
    <ClCompile Include="unv58dataset.cpp">
      <Filter>Source Files</Filter>
    </ClCompile>
    <ClCompile Include="zlib\unzip.c">
      <Filter>Source Files</Filter>
    </ClCompile>
    <ClCompile Include="volwavedrag.cpp">
      <Filter>Source Files</Filter>
    </ClCompile>
    <ClCompile Include="xcept.cpp">
      <Filter>Source Files</Filter>
    </ClCompile>
    <ClCompile Include="xmlelement-hdf5.cpp">
      <Filter>Source Files</Filter>
    </ClCompile>
    <ClCompile Include="xmlelement.cpp">
      <Filter>Source Files</Filter>
    </ClCompile>
    <ClCompile Include="expat\xmlparse.c">
      <Filter>Source Files</Filter>
    </ClCompile>
    <ClCompile Include="expat\xmlrole.c">
      <Filter>Source Files</Filter>
    </ClCompile>
    <ClCompile Include="expat\xmltok.c">
      <Filter>Source Files</Filter>
    </ClCompile>
    <ClCompile Include="lz4\xxhash.c">
      <Filter>Source Files</Filter>
    </ClCompile>
    <ClCompile Include="zlib\zip.c">
      <Filter>Source Files</Filter>
    </ClCompile>
    <ClCompile Include="zipfile.cpp">
      <Filter>Source Files</Filter>
    </ClCompile>
    <ClCompile Include="zlib\zutil.c">
      <Filter>Source Files</Filter>
    </ClCompile>
  </ItemGroup>
  <ItemGroup>
    <ClInclude Include="cgns\adf\ADF.h">
      <Filter>Header Files</Filter>
    </ClInclude>
    <ClInclude Include="cgns\adf\ADF_fbind.h">
      <Filter>Header Files</Filter>
    </ClInclude>
    <ClInclude Include="cgns\adf\ADF_internals.h">
      <Filter>Header Files</Filter>
    </ClInclude>
    <ClInclude Include="abstractlinearsolver.h">
      <Filter>Header Files</Filter>
    </ClInclude>
    <ClInclude Include="algo.h">
      <Filter>Header Files</Filter>
    </ClInclude>
    <ClInclude Include="allocator.h">
      <Filter>Header Files</Filter>
    </ClInclude>
    <ClInclude Include="yaml-cpp\anchor.h">
      <Filter>Header Files</Filter>
    </ClInclude>
    <ClInclude Include="yaml-cpp\contrib\anchordict.h">
      <Filter>Header Files</Filter>
    </ClInclude>
    <ClInclude Include="expat\ascii.h">
      <Filter>Header Files</Filter>
    </ClInclude>
    <ClInclude Include="expat\asciitab.h">
      <Filter>Header Files</Filter>
    </ClInclude>
    <ClInclude Include="atmosphere.h">
      <Filter>Header Files</Filter>
    </ClInclude>
    <ClInclude Include="atomicop.h">
      <Filter>Header Files</Filter>
    </ClInclude>
    <ClInclude Include="avxemu.h">
      <Filter>Header Files</Filter>
    </ClInclude>
    <ClInclude Include="avxtrigo.h">
      <Filter>Header Files</Filter>
    </ClInclude>
    <ClInclude Include="avxtrigo_inc.h">
      <Filter>Header Files</Filter>
    </ClInclude>
    <ClInclude Include="b64arrayops.h">
      <Filter>Header Files</Filter>
    </ClInclude>
    <ClInclude Include="basicedge.h">
      <Filter>Header Files</Filter>
    </ClInclude>
    <ClInclude Include="basictriangle.h">
      <Filter>Header Files</Filter>
    </ClInclude>
    <ClInclude Include="benzispai.h">
      <Filter>Header Files</Filter>
    </ClInclude>
    <ClInclude Include="benzitbb.h">
      <Filter>Header Files</Filter>
    </ClInclude>
    <ClInclude Include="yaml-cpp\binary.h">
      <Filter>Header Files</Filter>
    </ClInclude>
    <ClInclude Include="binfilenode.h">
      <Filter>Header Files</Filter>
    </ClInclude>
    <ClInclude Include="bitfiddle.h">
      <Filter>Header Files</Filter>
    </ClInclude>
    <ClInclude Include="blob.h">
      <Filter>Header Files</Filter>
    </ClInclude>
    <ClInclude Include="yaml-cpp\node\detail\bool_type.h">
      <Filter>Header Files</Filter>
    </ClInclude>
    <ClInclude Include="bounds.h">
      <Filter>Header Files</Filter>
    </ClInclude>
    <ClInclude Include="boxsearchtree.h">
      <Filter>Header Files</Filter>
    </ClInclude>
    <ClInclude Include="cbvops.h">
      <Filter>Header Files</Filter>
    </ClInclude>
    <ClInclude Include="cgns\cg_malloc.h">
      <Filter>Header Files</Filter>
    </ClInclude>
    <ClInclude Include="cgmesh.h">
      <Filter>Header Files</Filter>
    </ClInclude>
    <ClInclude Include="cgns\cgnsKeywords.h">
      <Filter>Header Files</Filter>
    </ClInclude>
    <ClInclude Include="cgns\cgns_header.h">
      <Filter>Header Files</Filter>
    </ClInclude>
    <ClInclude Include="cgnsboco.h">
      <Filter>Header Files</Filter>
    </ClInclude>
    <ClInclude Include="cgnsdescriptor.h">
      <Filter>Header Files</Filter>
    </ClInclude>
    <ClInclude Include="cgnsfile.h">
      <Filter>Header Files</Filter>
    </ClInclude>
    <ClInclude Include="cgnsfwd.h">
      <Filter>Header Files</Filter>
    </ClInclude>
    <ClInclude Include="cgns\cgnslib.h">
      <Filter>Header Files</Filter>
    </ClInclude>
    <ClInclude Include="cgns\cgnslib_f.h">
      <Filter>Header Files</Filter>
    </ClInclude>
    <ClInclude Include="cgnssection.h">
      <Filter>Header Files</Filter>
    </ClInclude>
    <ClInclude Include="cgnssol.h">
      <Filter>Header Files</Filter>
    </ClInclude>
    <ClInclude Include="cgns\cgnswin_f.h">
      <Filter>Header Files</Filter>
    </ClInclude>
    <ClInclude Include="cgnszone.h">
      <Filter>Header Files</Filter>
    </ClInclude>
    <ClInclude Include="cgstrip.h">
      <Filter>Header Files</Filter>
    </ClInclude>
    <ClInclude Include="yaml-cpp\collectionstack.h">
      <Filter>Header Files</Filter>
    </ClInclude>
    <ClInclude Include="color.h">
      <Filter>Header Files</Filter>
    </ClInclude>
    <ClInclude Include="configparser.h">
      <Filter>Header Files</Filter>
    </ClInclude>
    <ClInclude Include="connectmap.h">
      <Filter>Header Files</Filter>
    </ClInclude>
    <ClInclude Include="yaml-cpp\node\convert.h">
      <Filter>Header Files</Filter>
    </ClInclude>
    <ClInclude Include="convertingsolver.h">
      <Filter>Header Files</Filter>
    </ClInclude>
    <ClInclude Include="craig.h">
      <Filter>Header Files</Filter>
    </ClInclude>
    <ClInclude Include="zlib\crc32.h">
      <Filter>Header Files</Filter>
    </ClInclude>
    <ClInclude Include="csrmatrix.h">
      <Filter>Header Files</Filter>
    </ClInclude>
    <ClInclude Include="dbprint.h">
      <Filter>Header Files</Filter>
    </ClInclude>
    <ClInclude Include="defines.h">
      <Filter>Header Files</Filter>
    </ClInclude>
    <ClInclude Include="zlib\deflate.h">
      <Filter>Header Files</Filter>
    </ClInclude>
    <ClInclude Include="dimsearchtree.h">
      <Filter>Header Files</Filter>
    </ClInclude>
    <ClInclude Include="yaml-cpp\directives.h">
      <Filter>Header Files</Filter>
    </ClInclude>
    <ClInclude Include="yaml-cpp\dll.h">
      <Filter>Header Files</Filter>
    </ClInclude>
    <ClInclude Include="dmatrix.h">
      <Filter>Header Files</Filter>
    </ClInclude>
    <ClInclude Include="dmatrix_ops.h">
      <Filter>Header Files</Filter>
    </ClInclude>
    <ClInclude Include="double2.h">
      <Filter>Header Files</Filter>
    </ClInclude>
    <ClInclude Include="double4.h">
      <Filter>Header Files</Filter>
    </ClInclude>
    <ClInclude Include="dvector.h">
      <Filter>Header Files</Filter>
    </ClInclude>
    <ClInclude Include="dvector_ops.h">
      <Filter>Header Files</Filter>
    </ClInclude>
    <ClInclude Include="dyntritree.h">
      <Filter>Header Files</Filter>
    </ClInclude>
    <ClInclude Include="edgecurve.h">
      <Filter>Header Files</Filter>
    </ClInclude>
    <ClInclude Include="edgeface.h">
      <Filter>Header Files</Filter>
    </ClInclude>
    <ClInclude Include="eig.h">
      <Filter>Header Files</Filter>
    </ClInclude>
    <ClInclude Include="eigensparsesolver.h">
      <Filter>Header Files</Filter>
    </ClInclude>
    <ClInclude Include="element.h">
      <Filter>Header Files</Filter>
    </ClInclude>
    <ClInclude Include="yaml-cpp\node\emit.h">
      <Filter>Header Files</Filter>
    </ClInclude>
    <ClInclude Include="yaml-cpp\emitfromevents.h">
      <Filter>Header Files</Filter>
    </ClInclude>
    <ClInclude Include="yaml-cpp\emitter.h">
      <Filter>Header Files</Filter>
    </ClInclude>
    <ClInclude Include="yaml-cpp\emitterdef.h">
      <Filter>Header Files</Filter>
    </ClInclude>
    <ClInclude Include="yaml-cpp\emittermanip.h">
      <Filter>Header Files</Filter>
    </ClInclude>
    <ClInclude Include="yaml-cpp\emitterstate.h">
      <Filter>Header Files</Filter>
    </ClInclude>
    <ClInclude Include="yaml-cpp\emitterstyle.h">
      <Filter>Header Files</Filter>
    </ClInclude>
    <ClInclude Include="yaml-cpp\emitterutils.h">
      <Filter>Header Files</Filter>
    </ClInclude>
    <ClInclude Include="enumobject.h">
      <Filter>Header Files</Filter>
    </ClInclude>
    <ClInclude Include="yaml-cpp\eventhandler.h">
      <Filter>Header Files</Filter>
    </ClInclude>
    <ClInclude Include="yaml-cpp\exceptions.h">
      <Filter>Header Files</Filter>
    </ClInclude>
    <ClInclude Include="yaml-cpp\exp.h">
      <Filter>Header Files</Filter>
    </ClInclude>
    <ClInclude Include="expat\expat.h">
      <Filter>Header Files</Filter>
    </ClInclude>
    <ClInclude Include="expat\expat_config.h">
      <Filter>Header Files</Filter>
    </ClInclude>
    <ClInclude Include="expat\expat_external.h">
      <Filter>Header Files</Filter>
    </ClInclude>
    <ClInclude Include="facebubble.h">
      <Filter>Header Files</Filter>
    </ClInclude>
    <ClInclude Include="ffanode.h">
      <Filter>Header Files</Filter>
    </ClInclude>
    <ClInclude Include="fftbase.h">
      <Filter>Header Files</Filter>
    </ClInclude>
    <ClInclude Include="flagset.h">
      <Filter>Header Files</Filter>
    </ClInclude>
    <ClInclude Include="float4.h">
      <Filter>Header Files</Filter>
    </ClInclude>
    <ClInclude Include="float8.h">
      <Filter>Header Files</Filter>
    </ClInclude>
    <ClInclude Include="floatcompressor.h">
      <Filter>Header Files</Filter>
    </ClInclude>
    <ClInclude Include="forkjoingroup.h">
      <Filter>Header Files</Filter>
    </ClInclude>
    <ClInclude Include="cgns\fortran_macros.h">
      <Filter>Header Files</Filter>
    </ClInclude>
    <ClInclude Include="forward.h">
      <Filter>Header Files</Filter>
    </ClInclude>
    <ClInclude Include="gaussline.h">
      <Filter>Header Files</Filter>
    </ClInclude>
    <ClInclude Include="gausstriag.h">
      <Filter>Header Files</Filter>
    </ClInclude>
    <ClInclude Include="yaml-cpp\contrib\graphbuilder.h">
      <Filter>Header Files</Filter>
    </ClInclude>
    <ClInclude Include="yaml-cpp\contrib\graphbuilderadapter.h">
      <Filter>Header Files</Filter>
    </ClInclude>
    <ClInclude Include="grulayer.h">
      <Filter>Header Files</Filter>
    </ClInclude>
    <ClInclude Include="hammertriag.h">
      <Filter>Header Files</Filter>
    </ClInclude>
    <ClInclude Include="hdf5file.h">
      <Filter>Header Files</Filter>
    </ClInclude>
    <ClInclude Include="hybridmesh.h">
      <Filter>Header Files</Filter>
    </ClInclude>
    <ClInclude Include="expat\iasciitab.h">
      <Filter>Header Files</Filter>
    </ClInclude>
    <ClInclude Include="ifmkl.h">
      <Filter>Header Files</Filter>
    </ClInclude>
    <ClInclude Include="yaml-cpp\node\detail\impl.h">
      <Filter>Header Files</Filter>
    </ClInclude>
    <ClInclude Include="yaml-cpp\node\impl.h">
      <Filter>Header Files</Filter>
    </ClInclude>
    <ClInclude Include="implicittree.h">
      <Filter>Header Files</Filter>
    </ClInclude>
    <ClInclude Include="yaml-cpp\indentation.h">
      <Filter>Header Files</Filter>
    </ClInclude>
    <ClInclude Include="zlib\inffast.h">
      <Filter>Header Files</Filter>
    </ClInclude>
    <ClInclude Include="zlib\inffixed.h">
      <Filter>Header Files</Filter>
    </ClInclude>
    <ClInclude Include="zlib\inflate.h">
      <Filter>Header Files</Filter>
    </ClInclude>
    <ClInclude Include="zlib\inftrees.h">
      <Filter>Header Files</Filter>
    </ClInclude>
    <ClInclude Include="expat\internal.h">
      <Filter>Header Files</Filter>
    </ClInclude>
    <ClInclude Include="zlib\ioapi.h">
      <Filter>Header Files</Filter>
    </ClInclude>
    <ClInclude Include="iobuffer.h">
      <Filter>Header Files</Filter>
    </ClInclude>
    <ClInclude Include="ioglue.h">
      <Filter>Header Files</Filter>
    </ClInclude>
    <ClInclude Include="ioutil.h">
      <Filter>Header Files</Filter>
    </ClInclude>
    <ClInclude Include="yaml-cpp\node\detail\iterator.h">
      <Filter>Header Files</Filter>
    </ClInclude>
    <ClInclude Include="yaml-cpp\node\iterator.h">
      <Filter>Header Files</Filter>
    </ClInclude>
    <ClInclude Include="yaml-cpp\node\detail\iterator_fwd.h">
      <Filter>Header Files</Filter>
    </ClInclude>
    <ClInclude Include="kdop.h">
      <Filter>Header Files</Filter>
    </ClInclude>
    <ClInclude Include="lapack.h">
      <Filter>Header Files</Filter>
    </ClInclude>
    <ClInclude Include="lapack_interface.h">
      <Filter>Header Files</Filter>
    </ClInclude>
    <ClInclude Include="lapack_overload.h">
      <Filter>Header Files</Filter>
    </ClInclude>
    <ClInclude Include="expat\latin1tab.h">
      <Filter>Header Files</Filter>
    </ClInclude>
    <ClInclude Include="legendre.h">
      <Filter>Header Files</Filter>
    </ClInclude>
    <ClInclude Include="line.h">
      <Filter>Header Files</Filter>
    </ClInclude>
    <ClInclude Include="linearlayer.h">
      <Filter>Header Files</Filter>
    </ClInclude>
    <ClInclude Include="lls.h">
      <Filter>Header Files</Filter>
    </ClInclude>
    <ClInclude Include="lockedqueue.h">
      <Filter>Header Files</Filter>
    </ClInclude>
    <ClInclude Include="logger.h">
      <Filter>Header Files</Filter>
    </ClInclude>
    <ClInclude Include="looptask.h">
      <Filter>Header Files</Filter>
    </ClInclude>
    <ClInclude Include="lse.h">
      <Filter>Header Files</Filter>
    </ClInclude>
    <ClInclude Include="lsmr.h">
      <Filter>Header Files</Filter>
    </ClInclude>
    <ClInclude Include="lsqr.h">
      <Filter>Header Files</Filter>
    </ClInclude>
    <ClInclude Include="lu.h">
      <Filter>Header Files</Filter>
    </ClInclude>
    <ClInclude Include="lz4\lz4.h">
      <Filter>Header Files</Filter>
    </ClInclude>
    <ClInclude Include="lz4\lz4hc.h">
      <Filter>Header Files</Filter>
    </ClInclude>
    <ClInclude Include="lz4stream.h">
      <Filter>Header Files</Filter>
    </ClInclude>
    <ClInclude Include="expat\macconfig.h">
      <Filter>Header Files</Filter>
    </ClInclude>
    <ClInclude Include="yaml-cpp\mark.h">
      <Filter>Header Files</Filter>
    </ClInclude>
    <ClInclude Include="matrixview.h">
      <Filter>Header Files</Filter>
    </ClInclude>
    <ClInclude Include="memberfun.h">
      <Filter>Header Files</Filter>
    </ClInclude>
    <ClInclude Include="yaml-cpp\node\detail\memory.h">
      <Filter>Header Files</Filter>
    </ClInclude>
    <ClInclude Include="meshfields.h">
      <Filter>Header Files</Filter>
    </ClInclude>
    <ClInclude Include="meshslice.h">
      <Filter>Header Files</Filter>
    </ClInclude>
    <ClInclude Include="morton.h">
      <Filter>Header Files</Filter>
    </ClInclude>
    <ClInclude Include="murmur.h">
      <Filter>Header Files</Filter>
    </ClInclude>
    <ClInclude Include="mvop.h">
      <Filter>Header Files</Filter>
    </ClInclude>
    <ClInclude Include="mxannotated.h">
      <Filter>Header Files</Filter>
    </ClInclude>
    <ClInclude Include="mxelementfunction.h">
      <Filter>Header Files</Filter>
    </ClInclude>
    <ClInclude Include="mxelementtree.h">
      <Filter>Header Files</Filter>
    </ClInclude>
    <ClInclude Include="mxfieldbuffer.h">
      <Filter>Header Files</Filter>
    </ClInclude>
    <ClInclude Include="mxmesh.h">
      <Filter>Header Files</Filter>
    </ClInclude>
    <ClInclude Include="mxmeshboco.h">
      <Filter>Header Files</Filter>
    </ClInclude>
    <ClInclude Include="mxmeshdeform.h">
      <Filter>Header Files</Filter>
    </ClInclude>
    <ClInclude Include="mxmeshfield.h">
      <Filter>Header Files</Filter>
    </ClInclude>
    <ClInclude Include="mxmeshsection.h">
      <Filter>Header Files</Filter>
    </ClInclude>
    <ClInclude Include="mxmeshslice.h">
      <Filter>Header Files</Filter>
    </ClInclude>
    <ClInclude Include="mxmeshtypes.h">
      <Filter>Header Files</Filter>
    </ClInclude>
    <ClInclude Include="mxsolutiontree.h">
      <Filter>Header Files</Filter>
    </ClInclude>
    <ClInclude Include="mxstreamer.h">
      <Filter>Header Files</Filter>
    </ClInclude>
    <ClInclude Include="expat\nametab.h">
      <Filter>Header Files</Filter>
    </ClInclude>
    <ClInclude Include="ndarray.h">
      <Filter>Header Files</Filter>
    </ClInclude>
    <ClInclude Include="ndarraybase.h">
      <Filter>Header Files</Filter>
    </ClInclude>
    <ClInclude Include="ndarrayview.h">
      <Filter>Header Files</Filter>
    </ClInclude>
    <ClInclude Include="ndpointtree.h">
      <Filter>Header Files</Filter>
    </ClInclude>
    <ClInclude Include="yaml-cpp\node\detail\node.h">
      <Filter>Header Files</Filter>
    </ClInclude>
    <ClInclude Include="yaml-cpp\node\node.h">
      <Filter>Header Files</Filter>
    </ClInclude>
    <ClInclude Include="yaml-cpp\node\detail\node_data.h">
      <Filter>Header Files</Filter>
    </ClInclude>
    <ClInclude Include="yaml-cpp\node\detail\node_iterator.h">
      <Filter>Header Files</Filter>
    </ClInclude>
    <ClInclude Include="yaml-cpp\node\detail\node_ref.h">
      <Filter>Header Files</Filter>
    </ClInclude>
    <ClInclude Include="yaml-cpp\nodebuilder.h">
      <Filter>Header Files</Filter>
    </ClInclude>
    <ClInclude Include="yaml-cpp\nodeevents.h">
      <Filter>Header Files</Filter>
    </ClInclude>
    <ClInclude Include="yaml-cpp\null.h">
      <Filter>Header Files</Filter>
    </ClInclude>
    <ClInclude Include="nzhashtable.h">
      <Filter>Header Files</Filter>
    </ClInclude>
    <ClInclude Include="omp_forward.h">
      <Filter>Header Files</Filter>
    </ClInclude>
    <ClInclude Include="packetstream.h">
      <Filter>Header Files</Filter>
    </ClInclude>
    <ClInclude Include="parallel_algo.h">
      <Filter>Header Files</Filter>
    </ClInclude>
    <ClInclude Include="parallel_loop.h">
      <Filter>Header Files</Filter>
    </ClInclude>
    <ClInclude Include="parallelfilter.h">
      <Filter>Header Files</Filter>
    </ClInclude>
    <ClInclude Include="parallelzipfilter.h">
      <Filter>Header Files</Filter>
    </ClInclude>
    <ClInclude Include="parbilu.h">
      <Filter>Header Files</Filter>
    </ClInclude>
    <ClInclude Include="yaml-cpp\node\parse.h">
      <Filter>Header Files</Filter>
    </ClInclude>
    <ClInclude Include="yaml-cpp\parser.h">
      <Filter>Header Files</Filter>
    </ClInclude>
    <ClInclude Include="pattern.h">
      <Filter>Header Files</Filter>
    </ClInclude>
    <ClInclude Include="piegl.h">
      <Filter>Header Files</Filter>
    </ClInclude>
    <ClInclude Include="plane.h">
      <Filter>Header Files</Filter>
    </ClInclude>
    <ClInclude Include="point.h">
      <Filter>Header Files</Filter>
    </ClInclude>
    <ClInclude Include="pointblock.h">
      <Filter>Header Files</Filter>
    </ClInclude>
    <ClInclude Include="preshinghashtable.h">
      <Filter>Header Files</Filter>
    </ClInclude>
    <ClInclude Include="primitives.h">
      <Filter>Header Files</Filter>
    </ClInclude>
    <ClInclude Include="programversion.h">
      <Filter>Header Files</Filter>
    </ClInclude>
    <ClInclude Include="propmacro.h">
      <Filter>Header Files</Filter>
    </ClInclude>
    <ClInclude Include="pstl.h">
      <Filter>Header Files</Filter>
    </ClInclude>
    <ClInclude Include="ptinpoly.h">
      <Filter>Header Files</Filter>
    </ClInclude>
    <ClInclude Include="yaml-cpp\node\ptr.h">
      <Filter>Header Files</Filter>
    </ClInclude>
    <ClInclude Include="yaml-cpp\ptr_stack.h">
      <Filter>Header Files</Filter>
    </ClInclude>
    <ClInclude Include="yaml-cpp\ptr_vector.h">
      <Filter>Header Files</Filter>
    </ClInclude>
    <ClInclude Include="quantbuffer.h">
      <Filter>Header Files</Filter>
    </ClInclude>
    <ClInclude Include="radialsort.h">
      <Filter>Header Files</Filter>
    </ClInclude>
    <ClInclude Include="rbrotation.h">
      <Filter>Header Files</Filter>
    </ClInclude>
    <ClInclude Include="rcindexmap.h">
      <Filter>Header Files</Filter>
    </ClInclude>
    <ClInclude Include="yaml-cpp\regex_yaml.h">
      <Filter>Header Files</Filter>
    </ClInclude>
    <ClInclude Include="yaml-cpp\regeximpl.h">
      <Filter>Header Files</Filter>
    </ClInclude>
    <ClInclude Include="rng.h">
      <Filter>Header Files</Filter>
    </ClInclude>
    <ClInclude Include="rply\rply.h">
      <Filter>Header Files</Filter>
    </ClInclude>
    <ClInclude Include="rply\rplyfile.h">
      <Filter>Header Files</Filter>
    </ClInclude>
    <ClInclude Include="rsearchtree.h">
      <Filter>Header Files</Filter>
    </ClInclude>
    <ClInclude Include="scalarspline.h">
      <Filter>Header Files</Filter>
    </ClInclude>
    <ClInclude Include="yaml-cpp\scanner.h">
      <Filter>Header Files</Filter>
    </ClInclude>
    <ClInclude Include="yaml-cpp\scanscalar.h">
      <Filter>Header Files</Filter>
    </ClInclude>
    <ClInclude Include="yaml-cpp\scantag.h">
      <Filter>Header Files</Filter>
    </ClInclude>
    <ClInclude Include="schur.h">
      <Filter>Header Files</Filter>
    </ClInclude>
    <ClInclude Include="scopedsetting.h">
      <Filter>Header Files</Filter>
    </ClInclude>
    <ClInclude Include="sdirk.h">
      <Filter>Header Files</Filter>
    </ClInclude>
    <ClInclude Include="semaphore.h">
      <Filter>Header Files</Filter>
    </ClInclude>
    <ClInclude Include="yaml-cpp\setting.h">
      <Filter>Header Files</Filter>
    </ClInclude>
    <ClInclude Include="sharedvector.h">
      <Filter>Header Files</Filter>
    </ClInclude>
    <ClInclude Include="simdbase.h">
      <Filter>Header Files</Filter>
    </ClInclude>
    <ClInclude Include="simdqr.h">
      <Filter>Header Files</Filter>
    </ClInclude>
    <ClInclude Include="simdsupport.h">
      <Filter>Header Files</Filter>
    </ClInclude>
    <ClInclude Include="simdtype.h">
      <Filter>Header Files</Filter>
    </ClInclude>
    <ClInclude Include="yaml-cpp\singledocparser.h">
      <Filter>Header Files</Filter>
    </ClInclude>
    <ClInclude Include="smallqr.h">
      <Filter>Header Files</Filter>
    </ClInclude>
    <ClInclude Include="smatrix.h">
      <Filter>Header Files</Filter>
    </ClInclude>
    <ClInclude Include="smatrix_ops.h">
      <Filter>Header Files</Filter>
    </ClInclude>
    <ClInclude Include="sparse.h">
      <Filter>Header Files</Filter>
    </ClInclude>
    <ClInclude Include="sparseblock.h">
      <Filter>Header Files</Filter>
    </ClInclude>
    <ClInclude Include="sparseblockmatrix.h">
      <Filter>Header Files</Filter>
    </ClInclude>
    <ClInclude Include="sparsebuilder.h">
      <Filter>Header Files</Filter>
    </ClInclude>
    <ClInclude Include="sparsitycounter.h">
      <Filter>Header Files</Filter>
    </ClInclude>
    <ClInclude Include="spinbarrier.h">
      <Filter>Header Files</Filter>
    </ClInclude>
    <ClInclude Include="splinebasis.h">
      <Filter>Header Files</Filter>
    </ClInclude>
    <ClInclude Include="splinefitter.h">
      <Filter>Header Files</Filter>
    </ClInclude>
    <ClInclude Include="spvector.h">
      <Filter>Header Files</Filter>
    </ClInclude>
    <ClInclude Include="sse.h">
      <Filter>Header Files</Filter>
    </ClInclude>
    <ClInclude Include="ssemalloc.h">
      <Filter>Header Files</Filter>
    </ClInclude>
    <ClInclude Include="ssetrigo.h">
      <Filter>Header Files</Filter>
    </ClInclude>
    <ClInclude Include="stanfordsolver.h">
      <Filter>Header Files</Filter>
    </ClInclude>
    <ClInclude Include="steptransform.h">
      <Filter>Header Files</Filter>
    </ClInclude>
    <ClInclude Include="yaml-cpp\stlemitter.h">
      <Filter>Header Files</Filter>
    </ClInclude>
    <ClInclude Include="strconv.h">
      <Filter>Header Files</Filter>
    </ClInclude>
    <ClInclude Include="yaml-cpp\stream.h">
      <Filter>Header Files</Filter>
    </ClInclude>
    <ClInclude Include="yaml-cpp\stringsource.h">
      <Filter>Header Files</Filter>
    </ClInclude>
    <ClInclude Include="strutils.h">
      <Filter>Header Files</Filter>
    </ClInclude>
    <ClInclude Include="surfacestreamlines.h">
      <Filter>Header Files</Filter>
    </ClInclude>
    <ClInclude Include="svd.h">
      <Filter>Header Files</Filter>
    </ClInclude>
    <ClInclude Include="svector.h">
      <Filter>Header Files</Filter>
    </ClInclude>
    <ClInclude Include="svector_ops.h">
      <Filter>Header Files</Filter>
    </ClInclude>
    <ClInclude Include="syncedstream.h">
      <Filter>Header Files</Filter>
    </ClInclude>
    <ClInclude Include="synchron.h">
      <Filter>Header Files</Filter>
    </ClInclude>
    <ClInclude Include="synchron_boost.h">
      <Filter>Header Files</Filter>
    </ClInclude>
    <ClInclude Include="sysinfo.h">
      <Filter>Header Files</Filter>
    </ClInclude>
    <ClInclude Include="yaml-cpp\tag.h">
      <Filter>Header Files</Filter>
    </ClInclude>
    <ClInclude Include="taskgroup.h">
      <Filter>Header Files</Filter>
    </ClInclude>
    <ClInclude Include="tasksystem.h">
      <Filter>Header Files</Filter>
    </ClInclude>
    <ClInclude Include="theodorsen.h">
      <Filter>Header Files</Filter>
    </ClInclude>
    <ClInclude Include="threadpool.h">
      <Filter>Header Files</Filter>
    </ClInclude>
    <ClInclude Include="threadtask.h">
      <Filter>Header Files</Filter>
    </ClInclude>
    <ClInclude Include="timing.h">
      <Filter>Header Files</Filter>
    </ClInclude>
    <ClInclude Include="tlscontainer.h">
      <Filter>Header Files</Filter>
    </ClInclude>
    <ClInclude Include="yaml-cpp\token.h">
      <Filter>Header Files</Filter>
    </ClInclude>
    <ClInclude Include="trafo.h">
      <Filter>Header Files</Filter>
    </ClInclude>
    <ClInclude Include="yaml-cpp\traits.h">
      <Filter>Header Files</Filter>
    </ClInclude>
    <ClInclude Include="transformation.h">
      <Filter>Header Files</Filter>
    </ClInclude>
    <ClInclude Include="zlib\trees.h">
      <Filter>Header Files</Filter>
    </ClInclude>
    <ClInclude Include="triangulation.h">
      <Filter>Header Files</Filter>
    </ClInclude>
    <ClInclude Include="triedge.h">
      <Filter>Header Files</Filter>
    </ClInclude>
    <ClInclude Include="triface.h">
      <Filter>Header Files</Filter>
    </ClInclude>
    <ClInclude Include="trigo.h">
      <Filter>Header Files</Filter>
    </ClInclude>
    <ClInclude Include="trimesh.h">
      <Filter>Header Files</Filter>
    </ClInclude>
    <ClInclude Include="triset.h">
      <Filter>Header Files</Filter>
    </ClInclude>
    <ClInclude Include="yaml-cpp\node\type.h">
      <Filter>Header Files</Filter>
    </ClInclude>
    <ClInclude Include="typecode.h">
      <Filter>Header Files</Filter>
    </ClInclude>
    <ClInclude Include="unroll.h">
      <Filter>Header Files</Filter>
    </ClInclude>
    <ClInclude Include="unv58dataset.h">
      <Filter>Header Files</Filter>
    </ClInclude>
    <ClInclude Include="zlib\unzip.h">
      <Filter>Header Files</Filter>
    </ClInclude>
    <ClInclude Include="expat\utf8tab.h">
      <Filter>Header Files</Filter>
    </ClInclude>
    <ClInclude Include="viewptr.h">
      <Filter>Header Files</Filter>
    </ClInclude>
    <ClInclude Include="volwavedrag.h">
      <Filter>Header Files</Filter>
    </ClInclude>
    <ClInclude Include="expat\winconfig.h">
      <Filter>Header Files</Filter>
    </ClInclude>
    <ClInclude Include="xcept.h">
      <Filter>Header Files</Filter>
    </ClInclude>
    <ClInclude Include="xmlelement.h">
      <Filter>Header Files</Filter>
    </ClInclude>
    <ClInclude Include="expat\xmlrole.h">
      <Filter>Header Files</Filter>
    </ClInclude>
    <ClInclude Include="expat\xmltok.h">
      <Filter>Header Files</Filter>
    </ClInclude>
    <ClInclude Include="expat\xmltok_impl.c">
      <Filter>Header Files</Filter>
    </ClInclude>
    <ClInclude Include="expat\xmltok_impl.h">
      <Filter>Header Files</Filter>
    </ClInclude>
    <ClInclude Include="expat\xmltok_ns.c">
      <Filter>Header Files</Filter>
    </ClInclude>
    <ClInclude Include="lz4\xxhash.h">
      <Filter>Header Files</Filter>
    </ClInclude>
    <ClInclude Include="yaml-cpp\yaml.h">
      <Filter>Header Files</Filter>
    </ClInclude>
    <ClInclude Include="yaml.h">
      <Filter>Header Files</Filter>
    </ClInclude>
    <ClInclude Include="zlib\zconf.h">
      <Filter>Header Files</Filter>
    </ClInclude>
    <ClInclude Include="zlib\zip.h">
      <Filter>Header Files</Filter>
    </ClInclude>
    <ClInclude Include="zipfile.h">
      <Filter>Header Files</Filter>
    </ClInclude>
    <ClInclude Include="zlib\zlib.h">
      <Filter>Header Files</Filter>
    </ClInclude>
    <ClInclude Include="zlib\zutil.h">
      <Filter>Header Files</Filter>
    </ClInclude>
  </ItemGroup>
</Project>